
Microsoft Visual Studio Solution File, Format Version 12.00
# Visual Studio 15
VisualStudioVersion = 15.0.28307.705
MinimumVisualStudioVersion = 10.0.40219.1
Project("{2150E333-8FDC-42A3-9474-1A3956D46DE8}") = "Solution Items", "Solution Items", "{2AAFCFBA-67AD-47C2-A223-BA2C9C256822}"
	ProjectSection(SolutionItems) = preProject
		CEDH deck creation info.csv = CEDH deck creation info.csv
		CEDHdecklists.txt = CEDHdecklists.txt
		MTGdatabase.sql = MTGdatabase.sql
		MTGSimpleCardList.txt = MTGSimpleCardList.txt
		ParadoxEnginePrice.csv = ParadoxEnginePrice.csv
		Set Release Dates.csv = Set Release Dates.csv
		TCGDecksWParadoxEngine.txt = TCGDecksWParadoxEngine.txt
	EndProjectSection
EndProject
Project("{2150E333-8FDC-42A3-9474-1A3956D46DE8}") = "DM Solution Documentation", "DM Solution Documentation", "{83034375-E013-43AC-BE87-AD2A760D79B6}"
	ProjectSection(SolutionItems) = preProject
		MTG Analysis Data Warehouse Objects Worksheet.xlsx = MTG Analysis Data Warehouse Objects Worksheet.xlsx
		MTG Star Schema.vsdx = MTG Star Schema.vsdx
		ParadoxEngine Solution Doc.docx = ParadoxEngine Solution Doc.docx
	EndProjectSection
EndProject
Global
	GlobalSection(SolutionProperties) = preSolution
		HideSolutionNode = FALSE
	EndGlobalSection
	GlobalSection(NestedProjects) = preSolution
		{83034375-E013-43AC-BE87-AD2A760D79B6} = {2AAFCFBA-67AD-47C2-A223-BA2C9C256822}
	EndGlobalSection
	GlobalSection(ExtensibilityGlobals) = postSolution
		SolutionGuid = {7911A934-E986-446F-B65D-8423FBA79B93}
	EndGlobalSection
EndGlobal
